// !$*UTF8*$!
{
	archiveVersion = 1;
	classes = {
	};
	objectVersion = 46;
	objects = {

/* Begin PBXBuildFile section */
		68106BFA1F17572000074095 /* main.m in Sources */ = {isa = PBXBuildFile; fileRef = 68106BF91F17572000074095 /* main.m */; };
		68106BFD1F17572000074095 /* AppDelegate.m in Sources */ = {isa = PBXBuildFile; fileRef = 68106BFC1F17572000074095 /* AppDelegate.m */; };
		68106C001F17572000074095 /* ViewController.m in Sources */ = {isa = PBXBuildFile; fileRef = 68106BFF1F17572000074095 /* ViewController.m */; };
		68106C031F17572000074095 /* Main.storyboard in Resources */ = {isa = PBXBuildFile; fileRef = 68106C011F17572000074095 /* Main.storyboard */; };
		68106C081F17572000074095 /* LaunchScreen.storyboard in Resources */ = {isa = PBXBuildFile; fileRef = 68106C061F17572000074095 /* LaunchScreen.storyboard */; };
		68106C101F176EE500074095 /* Assets.xcassets in Resources */ = {isa = PBXBuildFile; fileRef = 68106C0F1F176EE500074095 /* Assets.xcassets */; };
		68106C131F17810600074095 /* btn01.png in Resources */ = {isa = PBXBuildFile; fileRef = 68106C111F17810600074095 /* btn01.png */; };
		68106C141F17810600074095 /* btn02.png in Resources */ = {isa = PBXBuildFile; fileRef = 68106C121F17810600074095 /* btn02.png */; };
/* End PBXBuildFile section */

/* Begin PBXFileReference section */
		68106BF51F17572000074095 /* iosdemo.app */ = {isa = PBXFileReference; explicitFileType = wrapper.application; includeInIndex = 0; path = iosdemo.app; sourceTree = BUILT_PRODUCTS_DIR; };
		68106BF91F17572000074095 /* main.m */ = {isa = PBXFileReference; lastKnownFileType = sourcecode.c.objc; path = main.m; sourceTree = "<group>"; };
		68106BFB1F17572000074095 /* AppDelegate.h */ = {isa = PBXFileReference; lastKnownFileType = sourcecode.c.h; path = AppDelegate.h; sourceTree = "<group>"; };
		68106BFC1F17572000074095 /* AppDelegate.m */ = {isa = PBXFileReference; lastKnownFileType = sourcecode.c.objc; path = AppDelegate.m; sourceTree = "<group>"; };
		68106BFE1F17572000074095 /* ViewController.h */ = {isa = PBXFileReference; lastKnownFileType = sourcecode.c.h; path = ViewController.h; sourceTree = "<group>"; };
		68106BFF1F17572000074095 /* ViewController.m */ = {isa = PBXFileReference; lastKnownFileType = sourcecode.c.objc; path = ViewController.m; sourceTree = "<group>"; };
		68106C021F17572000074095 /* Base */ = {isa = PBXFileReference; lastKnownFileType = file.storyboard; name = Base; path = Base.lproj/Main.storyboard; sourceTree = "<group>"; };
		68106C071F17572000074095 /* Base */ = {isa = PBXFileReference; lastKnownFileType = file.storyboard; name = Base; path = Base.lproj/LaunchScreen.storyboard; sourceTree = "<group>"; };
		68106C091F17572000074095 /* Info.plist */ = {isa = PBXFileReference; lastKnownFileType = text.plist.xml; path = Info.plist; sourceTree = "<group>"; };
		68106C0F1F176EE500074095 /* Assets.xcassets */ = {isa = PBXFileReference; lastKnownFileType = folder.assetcatalog; path = Assets.xcassets; sourceTree = "<group>"; };
		68106C111F17810600074095 /* btn01.png */ = {isa = PBXFileReference; lastKnownFileType = image.png; name = btn01.png; path = iosdemo/btn01.png; sourceTree = "<group>"; };
		68106C121F17810600074095 /* btn02.png */ = {isa = PBXFileReference; lastKnownFileType = image.png; name = btn02.png; path = iosdemo/btn02.png; sourceTree = "<group>"; };
/* End PBXFileReference section */

/* Begin PBXFrameworksBuildPhase section */
		68106BF21F17572000074095 /* Frameworks */ = {
			isa = PBXFrameworksBuildPhase;
			buildActionMask = 2147483647;
			files = (
			);
			runOnlyForDeploymentPostprocessing = 0;
		};
/* End PBXFrameworksBuildPhase section */

/* Begin PBXGroup section */
		68106BEC1F17572000074095 = {
			isa = PBXGroup;
			children = (
				68106C121F17810600074095 /* btn02.png */,
				68106C111F17810600074095 /* btn01.png */,
				68106BF71F17572000074095 /* iosdemo */,
				68106BF61F17572000074095 /* Products */,
			);
			sourceTree = "<group>";
		};
		68106BF61F17572000074095 /* Products */ = {
			isa = PBXGroup;
			children = (
				68106BF51F17572000074095 /* iosdemo.app */,
			);
			name = Products;
			sourceTree = "<group>";
		};
		68106BF71F17572000074095 /* iosdemo */ = {
			isa = PBXGroup;
			children = (
				68106C0F1F176EE500074095 /* Assets.xcassets */,
				68106BFB1F17572000074095 /* AppDelegate.h */,
				68106BFC1F17572000074095 /* AppDelegate.m */,
				68106BFE1F17572000074095 /* ViewController.h */,
				68106BFF1F17572000074095 /* ViewController.m */,
				68106C011F17572000074095 /* Main.storyboard */,
				68106C061F17572000074095 /* LaunchScreen.storyboard */,
				68106C091F17572000074095 /* Info.plist */,
				68106BF81F17572000074095 /* Supporting Files */,
			);
			path = iosdemo;
			sourceTree = "<group>";
		};
		68106BF81F17572000074095 /* Supporting Files */ = {
			isa = PBXGroup;
			children = (
				68106BF91F17572000074095 /* main.m */,
			);
			name = "Supporting Files";
			sourceTree = "<group>";
		};
/* End PBXGroup section */

/* Begin PBXNativeTarget section */
		68106BF41F17572000074095 /* iosdemo */ = {
			isa = PBXNativeTarget;
			buildConfigurationList = 68106C0C1F17572000074095 /* Build configuration list for PBXNativeTarget "iosdemo" */;
			buildPhases = (
				68106BF11F17572000074095 /* Sources */,
				68106BF21F17572000074095 /* Frameworks */,
				68106BF31F17572000074095 /* Resources */,
			);
			buildRules = (
			);
			dependencies = (
			);
			name = iosdemo;
			productName = iosdemo;
			productReference = 68106BF51F17572000074095 /* iosdemo.app */;
			productType = "com.apple.product-type.application";
		};
/* End PBXNativeTarget section */

/* Begin PBXProject section */
		68106BED1F17572000074095 /* Project object */ = {
			isa = PBXProject;
			attributes = {
				LastUpgradeCheck = 0810;
				ORGANIZATIONNAME = "刘大志";
				TargetAttributes = {
					68106BF41F17572000074095 = {
						CreatedOnToolsVersion = 8.1;
						ProvisioningStyle = Automatic;
					};
				};
			};
			buildConfigurationList = 68106BF01F17572000074095 /* Build configuration list for PBXProject "iosdemo" */;
			compatibilityVersion = "Xcode 3.2";
			developmentRegion = English;
			hasScannedForEncodings = 0;
			knownRegions = (
				en,
				Base,
			);
			mainGroup = 68106BEC1F17572000074095;
			productRefGroup = 68106BF61F17572000074095 /* Products */;
			projectDirPath = "";
			projectRoot = "";
			targets = (
				68106BF41F17572000074095 /* iosdemo */,
			);
		};
/* End PBXProject section */

/* Begin PBXResourcesBuildPhase section */
		68106BF31F17572000074095 /* Resources */ = {
			isa = PBXResourcesBuildPhase;
			buildActionMask = 2147483647;
			files = (
				68106C081F17572000074095 /* LaunchScreen.storyboard in Resources */,
				68106C131F17810600074095 /* btn01.png in Resources */,
				68106C101F176EE500074095 /* Assets.xcassets in Resources */,
				68106C141F17810600074095 /* btn02.png in Resources */,
				68106C031F17572000074095 /* Main.storyboard in Resources */,
			);
			runOnlyForDeploymentPostprocessing = 0;
		};
/* End PBXResourcesBuildPhase section */

/* Begin PBXSourcesBuildPhase section */
		68106BF11F17572000074095 /* Sources */ = {
			isa = PBXSourcesBuildPhase;
			buildActionMask = 2147483647;
			files = (
				68106C001F17572000074095 /* ViewController.m in Sources */,
				68106BFD1F17572000074095 /* AppDelegate.m in Sources */,
				68106BFA1F17572000074095 /* main.m in Sources */,
			);
			runOnlyForDeploymentPostprocessing = 0;
		};
/* End PBXSourcesBuildPhase section */

/* Begin PBXVariantGroup section */
		68106C011F17572000074095 /* Main.storyboard */ = {
			isa = PBXVariantGroup;
			children = (
				68106C021F17572000074095 /* Base */,
			);
			name = Main.storyboard;
			sourceTree = "<group>";
		};
		68106C061F17572000074095 /* LaunchScreen.storyboard */ = {
			isa = PBXVariantGroup;
			children = (
				68106C071F17572000074095 /* Base */,
			);
			name = LaunchScreen.storyboard;
			sourceTree = "<group>";
		};
/* End PBXVariantGroup section */

/* Begin XCBuildConfiguration section */
		68106C0A1F17572000074095 /* Debug */ = {
			isa = XCBuildConfiguration;
			buildSettings = {
				ALWAYS_SEARCH_USER_PATHS = NO;
				CLANG_ANALYZER_NONNULL = YES;
				CLANG_CXX_LANGUAGE_STANDARD = "gnu++0x";
				CLANG_CXX_LIBRARY = "libc++";
				CLANG_ENABLE_MODULES = YES;
				CLANG_ENABLE_OBJC_ARC = YES;
				CLANG_WARN_BOOL_CONVERSION = YES;
				CLANG_WARN_CONSTANT_CONVERSION = YES;
				CLANG_WARN_DIRECT_OBJC_ISA_USAGE = YES_ERROR;
				CLANG_WARN_DOCUMENTATION_COMMENTS = YES;
				CLANG_WARN_EMPTY_BODY = YES;
				CLANG_WARN_ENUM_CONVERSION = YES;
				CLANG_WARN_INFINITE_RECURSION = YES;
				CLANG_WARN_INT_CONVERSION = YES;
				CLANG_WARN_OBJC_ROOT_CLASS = YES_ERROR;
				CLANG_WARN_SUSPICIOUS_MOVES = YES;
				CLANG_WARN_UNREACHABLE_CODE = YES;
				CLANG_WARN__DUPLICATE_METHOD_MATCH = YES;
				"CODE_SIGN_IDENTITY[sdk=iphoneos*]" = "iPhone Developer";
				COPY_PHASE_STRIP = NO;
				DEBUG_INFORMATION_FORMAT = dwarf;
				ENABLE_STRICT_OBJC_MSGSEND = YES;
				ENABLE_TESTABILITY = YES;
				GCC_C_LANGUAGE_STANDARD = gnu99;
				GCC_DYNAMIC_NO_PIC = NO;
				GCC_NO_COMMON_BLOCKS = YES;
				GCC_OPTIMIZATION_LEVEL = 0;
				GCC_PREPROCESSOR_DEFINITIONS = (
					"DEBUG=1",
					"$(inherited)",
				);
				GCC_WARN_64_TO_32_BIT_CONVERSION = YES;
				GCC_WARN_ABOUT_RETURN_TYPE = YES_ERROR;
				GCC_WARN_UNDECLARED_SELECTOR = YES;
				GCC_WARN_UNINITIALIZED_AUTOS = YES_AGGRESSIVE;
				GCC_WARN_UNUSED_FUNCTION = YES;
				GCC_WARN_UNUSED_VARIABLE = YES;
				IPHONEOS_DEPLOYMENT_TARGET = 10.1;
				MTL_ENABLE_DEBUG_INFO = YES;
				ONLY_ACTIVE_ARCH = YES;
				SDKROOT = iphoneos;
			};
			name = Debug;
		};
		68106C0B1F17572000074095 /* Release */ = {
			isa = XCBuildConfiguration;
			buildSettings = {
				ALWAYS_SEARCH_USER_PATHS = NO;
				CLANG_ANALYZER_NONNULL = YES;
				CLANG_CXX_LANGUAGE_STANDARD = "gnu++0x";
				CLANG_CXX_LIBRARY = "libc++";
				CLANG_ENABLE_MODULES = YES;
				CLANG_ENABLE_OBJC_ARC = YES;
				CLANG_WARN_BOOL_CONVERSION = YES;
				CLANG_WARN_CONSTANT_CONVERSION = YES;
				CLANG_WARN_DIRECT_OBJC_ISA_USAGE = YES_ERROR;
				CLANG_WARN_DOCUMENTATION_COMMENTS = YES;
				CLANG_WARN_EMPTY_BODY = YES;
				CLANG_WARN_ENUM_CONVERSION = YES;
				CLANG_WARN_INFINITE_RECURSION = YES;
				CLANG_WARN_INT_CONVERSION = YES;
				CLANG_WARN_OBJC_ROOT_CLASS = YES_ERROR;
				CLANG_WARN_SUSPICIOUS_MOVES = YES;
				CLANG_WARN_UNREACHABLE_CODE = YES;
				CLANG_WARN__DUPLICATE_METHOD_MATCH = YES;
				"CODE_SIGN_IDENTITY[sdk=iphoneos*]" = "iPhone Developer";
				COPY_PHASE_STRIP = NO;
				DEBUG_INFORMATION_FORMAT = "dwarf-with-dsym";
				ENABLE_NS_ASSERTIONS = NO;
				ENABLE_STRICT_OBJC_MSGSEND = YES;
				GCC_C_LANGUAGE_STANDARD = gnu99;
				GCC_NO_COMMON_BLOCKS = YES;
				GCC_WARN_64_TO_32_BIT_CONVERSION = YES;
				GCC_WARN_ABOUT_RETURN_TYPE = YES_ERROR;
				GCC_WARN_UNDECLARED_SELECTOR = YES;
				GCC_WARN_UNINITIALIZED_AUTOS = YES_AGGRESSIVE;
				GCC_WARN_UNUSED_FUNCTION = YES;
				GCC_WARN_UNUSED_VARIABLE = YES;
				IPHONEOS_DEPLOYMENT_TARGET = 10.1;
				MTL_ENABLE_DEBUG_INFO = NO;
				SDKROOT = iphoneos;
				VALIDATE_PRODUCT = YES;
			};
			name = Release;
		};
		68106C0D1F17572000074095 /* Debug */ = {
			isa = XCBuildConfiguration;
			buildSettings = {
				INFOPLIST_FILE = iosdemo/Info.plist;
				LD_RUNPATH_SEARCH_PATHS = "$(inherited) @executable_path/Frameworks";
				PRODUCT_BUNDLE_IDENTIFIER = com.ldzspace.iosdemo;
				PRODUCT_NAME = "$(TARGET_NAME)";
			};
			name = Debug;
		};
		68106C0E1F17572000074095 /* Release */ = {
			isa = XCBuildConfiguration;
			buildSettings = {
				INFOPLIST_FILE = iosdemo/Info.plist;
				LD_RUNPATH_SEARCH_PATHS = "$(inherited) @executable_path/Frameworks";
				PRODUCT_BUNDLE_IDENTIFIER = com.ldzspace.iosdemo;
				PRODUCT_NAME = "$(TARGET_NAME)";
			};
			name = Release;
		};
/* End XCBuildConfiguration section */

/* Begin XCConfigurationList section */
		68106BF01F17572000074095 /* Build configuration list for PBXProject "iosdemo" */ = {
			isa = XCConfigurationList;
			buildConfigurations = (
				68106C0A1F17572000074095 /* Debug */,
				68106C0B1F17572000074095 /* Release */,
			);
			defaultConfigurationIsVisible = 0;
			defaultConfigurationName = Release;
		};
		68106C0C1F17572000074095 /* Build configuration list for PBXNativeTarget "iosdemo" */ = {
			isa = XCConfigurationList;
			buildConfigurations = (
				68106C0D1F17572000074095 /* Debug */,
				68106C0E1F17572000074095 /* Release */,
			);
			defaultConfigurationIsVisible = 0;
			defaultConfigurationName = Release;
		};
/* End XCConfigurationList section */
	};
	rootObject = 68106BED1F17572000074095 /* Project object */;
}
